
Microsoft Visual Studio Solution File, Format Version 10.00
# Visual Studio 2008
Project("{2150E333-8FDC-42A3-9474-1A3956D46DE8}") = "css", "css", "{D2BEC3DE-18B6-420B-9943-F654BE05DB6E}"
	ProjectSection(SolutionItems) = preProject
		css\popup.css = css\popup.css
	EndProjectSection
EndProject
Project("{2150E333-8FDC-42A3-9474-1A3956D46DE8}") = "js", "js", "{C2940F8B-2A09-47D8-94C4-953B7AAD614C}"
	ProjectSection(SolutionItems) = preProject
		js\background.js = js\background.js
		js\content_script.js = js\content_script.js
		js\object_cache.js = js\object_cache.js
		js\popup.js = js\popup.js
		js\reader_client.js = js\reader_client.js
	EndProjectSection
EndProject
Project("{2150E333-8FDC-42A3-9474-1A3956D46DE8}") = "png", "png", "{0F9CA945-ABC8-4B9C-B445-DED71869A9A5}"
	ProjectSection(SolutionItems) = preProject
		png\logo.png = png\logo.png
		png\page_action.png = png\page_action.png
		png\page_action_error.png = png\page_action_error.png
		png\page_action_subscribed.png = png\page_action_subscribed.png
	EndProjectSection
EndProject
Project("{2150E333-8FDC-42A3-9474-1A3956D46DE8}") = "_", "_", "{8586FE15-78F3-4407-92BB-8256C75553AF}"
	ProjectSection(SolutionItems) = preProject
		background.html = background.html
		manifest.json = manifest.json
		popup.html = popup.html
	EndProjectSection
EndProject
Project("{2150E333-8FDC-42A3-9474-1A3956D46DE8}") = "_locales", "_locales", "{7CFE761E-737D-4B50-9F58-674A6DAC3142}"
EndProject
Project("{2150E333-8FDC-42A3-9474-1A3956D46DE8}") = "en", "en", "{BD19B664-68BF-4721-81CC-98DE930EEF6D}"
	ProjectSection(SolutionItems) = preProject
		_locales\en\messages.json = _locales\en\messages.json
	EndProjectSection
EndProject
Project("{2150E333-8FDC-42A3-9474-1A3956D46DE8}") = "cs", "cs", "{DB6C7E8A-323E-4F45-AD22-05C3448B6E0D}"
	ProjectSection(SolutionItems) = preProject
		_locales\cs\messages.json = _locales\cs\messages.json
	EndProjectSection
EndProject
Project("{2150E333-8FDC-42A3-9474-1A3956D46DE8}") = "_private", "_private", "{050E5451-6CC3-4CDC-9F63-5E483FD95265}"
	ProjectSection(SolutionItems) = preProject
		ChromeReader-Pack.ps1 = ChromeReader-Pack.ps1
		ChromeReader.exclude = ChromeReader.exclude
		ChromeReader.pem = ChromeReader.pem
		ChromeReader.psd = ChromeReader.psd
	EndProjectSection
EndProject
Global
	GlobalSection(SubversionScc) = preSolution
		Svn-Managed = True
		Manager = AnkhSVN - Subversion Support for Visual Studio
	EndGlobalSection
	GlobalSection(SolutionProperties) = preSolution
		HideSolutionNode = FALSE
	EndGlobalSection
	GlobalSection(NestedProjects) = preSolution
		{BD19B664-68BF-4721-81CC-98DE930EEF6D} = {7CFE761E-737D-4B50-9F58-674A6DAC3142}
		{DB6C7E8A-323E-4F45-AD22-05C3448B6E0D} = {7CFE761E-737D-4B50-9F58-674A6DAC3142}
	EndGlobalSection
EndGlobal
