
Microsoft Visual Studio Solution File, Format Version 11.00
# Visual Studio 2010
Project("{E24C65DC-7377-472B-9ABA-BC803B73C61A}") = "ChromeReader", ".", "{D25C16C7-0CFA-461D-8FBC-C2A7C0E67922}"
	ProjectSection(WebsiteProperties) = preProject
		Debug.AspNetCompiler.VirtualPath = "/ChromeReader"
		Debug.AspNetCompiler.PhysicalPath = "..\ChromeReader\"
		Debug.AspNetCompiler.TargetPath = "PrecompiledWeb\ChromeReader\"
		Debug.AspNetCompiler.Updateable = "true"
		Debug.AspNetCompiler.ForceOverwrite = "true"
		Debug.AspNetCompiler.FixedNames = "false"
		Debug.AspNetCompiler.Debug = "True"
		Release.AspNetCompiler.VirtualPath = "/ChromeReader"
		Release.AspNetCompiler.PhysicalPath = "..\ChromeReader\"
		Release.AspNetCompiler.TargetPath = "PrecompiledWeb\ChromeReader\"
		Release.AspNetCompiler.Updateable = "true"
		Release.AspNetCompiler.ForceOverwrite = "true"
		Release.AspNetCompiler.FixedNames = "false"
		Release.AspNetCompiler.Debug = "False"
		VWDPort = "4615"
	EndProjectSection
EndProject
Global
	GlobalSection(SubversionScc) = preSolution
		Svn-Managed = True
		Manager = AnkhSVN - Subversion Support for Visual Studio
	EndGlobalSection
	GlobalSection(SolutionConfigurationPlatforms) = preSolution
		Debug|Any CPU = Debug|Any CPU
	EndGlobalSection
	GlobalSection(ProjectConfigurationPlatforms) = postSolution
		{D25C16C7-0CFA-461D-8FBC-C2A7C0E67922}.Debug|Any CPU.ActiveCfg = Debug|Any CPU
		{D25C16C7-0CFA-461D-8FBC-C2A7C0E67922}.Debug|Any CPU.Build.0 = Debug|Any CPU
	EndGlobalSection
	GlobalSection(SolutionProperties) = preSolution
		HideSolutionNode = FALSE
	EndGlobalSection
EndGlobal
